
Microsoft Visual Studio Solution File, Format Version 12.00
Project("{FAE04EC0-301F-11D3-BF4B-00C04F79EFBC}") = "Core2D.Base", "Core2D.Base\Core2D.Base.csproj", "{EBFA8512-1EA5-4D8C-B4AC-AB5B48A6D568}"
EndProject
Project("{FAE04EC0-301F-11D3-BF4B-00C04F79EFBC}") = "Core2D.NetCore", "Core2D.NetCore\Core2D.NetCore.csproj", "{ABC31E74-02FF-46EB-B3B2-4E6AE43B456C}"
EndProject
Project("{FAE04EC0-301F-11D3-BF4B-00C04F79EFBC}") = "Core2D.Web", "Core2D.Web\Core2D.Web.csproj", "{1C1A049E-235C-4CD0-B6FA-D53AC418F4DA}"
EndProject
Project("{FAE04EC0-301F-11D3-BF4B-00C04F79EFBC}") = "NodeEditor.Web", "NodeEditor.Web\NodeEditor.Web.csproj", "{9EF2847B-84AC-4337-9F38-8E7E95E8C12A}"
EndProject
Project("{FAE04EC0-301F-11D3-BF4B-00C04F79EFBC}") = "NodeEditor.NetCore", "NodeEditor.NetCore\NodeEditor.NetCore.csproj", "{82B73856-7146-4B02-9444-D885AB4F4A12}"
EndProject
Global
	GlobalSection(SolutionConfigurationPlatforms) = preSolution
		Debug|Any CPU = Debug|Any CPU
		Release|Any CPU = Release|Any CPU
	EndGlobalSection
	GlobalSection(ProjectConfigurationPlatforms) = postSolution
		{EBFA8512-1EA5-4D8C-B4AC-AB5B48A6D568}.Debug|Any CPU.ActiveCfg = Debug|Any CPU
		{EBFA8512-1EA5-4D8C-B4AC-AB5B48A6D568}.Debug|Any CPU.Build.0 = Debug|Any CPU
		{EBFA8512-1EA5-4D8C-B4AC-AB5B48A6D568}.Release|Any CPU.ActiveCfg = Release|Any CPU
		{EBFA8512-1EA5-4D8C-B4AC-AB5B48A6D568}.Release|Any CPU.Build.0 = Release|Any CPU
		{ABC31E74-02FF-46EB-B3B2-4E6AE43B456C}.Debug|Any CPU.ActiveCfg = Debug|Any CPU
		{ABC31E74-02FF-46EB-B3B2-4E6AE43B456C}.Debug|Any CPU.Build.0 = Debug|Any CPU
		{ABC31E74-02FF-46EB-B3B2-4E6AE43B456C}.Release|Any CPU.ActiveCfg = Release|Any CPU
		{ABC31E74-02FF-46EB-B3B2-4E6AE43B456C}.Release|Any CPU.Build.0 = Release|Any CPU
		{1C1A049E-235C-4CD0-B6FA-D53AC418F4DA}.Debug|Any CPU.ActiveCfg = Debug|Any CPU
		{1C1A049E-235C-4CD0-B6FA-D53AC418F4DA}.Debug|Any CPU.Build.0 = Debug|Any CPU
		{1C1A049E-235C-4CD0-B6FA-D53AC418F4DA}.Release|Any CPU.ActiveCfg = Release|Any CPU
		{1C1A049E-235C-4CD0-B6FA-D53AC418F4DA}.Release|Any CPU.Build.0 = Release|Any CPU
		{9EF2847B-84AC-4337-9F38-8E7E95E8C12A}.Debug|Any CPU.ActiveCfg = Debug|Any CPU
		{9EF2847B-84AC-4337-9F38-8E7E95E8C12A}.Debug|Any CPU.Build.0 = Debug|Any CPU
		{9EF2847B-84AC-4337-9F38-8E7E95E8C12A}.Release|Any CPU.ActiveCfg = Release|Any CPU
		{9EF2847B-84AC-4337-9F38-8E7E95E8C12A}.Release|Any CPU.Build.0 = Release|Any CPU
		{82B73856-7146-4B02-9444-D885AB4F4A12}.Debug|Any CPU.ActiveCfg = Debug|Any CPU
		{82B73856-7146-4B02-9444-D885AB4F4A12}.Debug|Any CPU.Build.0 = Debug|Any CPU
		{82B73856-7146-4B02-9444-D885AB4F4A12}.Release|Any CPU.ActiveCfg = Release|Any CPU
		{82B73856-7146-4B02-9444-D885AB4F4A12}.Release|Any CPU.Build.0 = Release|Any CPU
	EndGlobalSection
	GlobalSection(NestedProjects) = preSolution
	EndGlobalSection
EndGlobal
